
Microsoft Visual Studio Solution File, Format Version 12.00
# Visual Studio Version 17
VisualStudioVersion = 17.5.002.0
MinimumVisualStudioVersion = 10.0.40219.1
Project("{9A19103F-16F7-4668-BE54-9A1E7A4F7556}") = "Layered-Design", "Layered-Design\Layered-Design.csproj", "{BB36F85E-8065-4ECC-A287-072021A509BF}"
EndProject
Global
	GlobalSection(SolutionConfigurationPlatforms) = preSolution
		Debug|Any CPU = Debug|Any CPU
		Release|Any CPU = Release|Any CPU
	EndGlobalSection
	GlobalSection(ProjectConfigurationPlatforms) = postSolution
		{BB36F85E-8065-4ECC-A287-072021A509BF}.Debug|Any CPU.ActiveCfg = Debug|Any CPU
		{BB36F85E-8065-4ECC-A287-072021A509BF}.Debug|Any CPU.Build.0 = Debug|Any CPU
		{BB36F85E-8065-4ECC-A287-072021A509BF}.Release|Any CPU.ActiveCfg = Release|Any CPU
		{BB36F85E-8065-4ECC-A287-072021A509BF}.Release|Any CPU.Build.0 = Release|Any CPU
	EndGlobalSection
	GlobalSection(SolutionProperties) = preSolution
		HideSolutionNode = FALSE
	EndGlobalSection
	GlobalSection(ExtensibilityGlobals) = postSolution
		SolutionGuid = {DCC6A3BB-6A5D-4368-BB32-952A4CCB0A7A}
	EndGlobalSection
EndGlobal
